// !$*UTF8*$!
{
	archiveVersion = 1;
	classes = {
	};
	objectVersion = 77;
	objects = {

/* Begin PBXBuildFile section */
		8F106B552F3DDCE6004FD484 /* Models.swift in Sources */ = {isa = PBXBuildFile; fileRef = 8F106B542F3DDCE6004FD484 /* Models.swift */; };
		8F106B572F3DDCF9004FD484 /* MockData.swift in Sources */ = {isa = PBXBuildFile; fileRef = 8F106B562F3DDCF9004FD484 /* MockData.swift */; };
		8F106B592F3DDD0B004FD484 /* DataStore.swift in Sources */ = {isa = PBXBuildFile; fileRef = 8F106B582F3DDD0B004FD484 /* DataStore.swift */; };
		8F106B5B2F3DDD30004FD484 /* Colors.swift in Sources */ = {isa = PBXBuildFile; fileRef = 8F106B5A2F3DDD30004FD484 /* Colors.swift */; };
		8F106B5D2F3DDD49004FD484 /* AppRoot.swift in Sources */ = {isa = PBXBuildFile; fileRef = 8F106B5C2F3DDD49004FD484 /* AppRoot.swift */; };
/* End PBXBuildFile section */

/* Begin PBXContainerItemProxy section */
		8FA3A2452F3DB46A000AD1DF /* PBXContainerItemProxy */ = {
			isa = PBXContainerItemProxy;
			containerPortal = 8FA3A22F2F3DB467000AD1DF /* Project object */;
			proxyType = 1;
			remoteGlobalIDString = 8FA3A2362F3DB467000AD1DF;
			remoteInfo = KPFL;
		};
		8FA3A24F2F3DB46A000AD1DF /* PBXContainerItemProxy */ = {
			isa = PBXContainerItemProxy;
			containerPortal = 8FA3A22F2F3DB467000AD1DF /* Project object */;
			proxyType = 1;
			remoteGlobalIDString = 8FA3A2362F3DB467000AD1DF;
			remoteInfo = KPFL;
		};
/* End PBXContainerItemProxy section */

/* Begin PBXFileReference section */
		8F106B542F3DDCE6004FD484 /* Models.swift */ = {isa = PBXFileReference; lastKnownFileType = sourcecode.swift; path = Models.swift; sourceTree = "<group>"; };
		8F106B562F3DDCF9004FD484 /* MockData.swift */ = {isa = PBXFileReference; lastKnownFileType = sourcecode.swift; path = MockData.swift; sourceTree = "<group>"; };
		8F106B582F3DDD0B004FD484 /* DataStore.swift */ = {isa = PBXFileReference; lastKnownFileType = sourcecode.swift; path = DataStore.swift; sourceTree = "<group>"; };
		8F106B5A2F3DDD30004FD484 /* Colors.swift */ = {isa = PBXFileReference; lastKnownFileType = sourcecode.swift; path = Colors.swift; sourceTree = "<group>"; };
		8F106B5C2F3DDD49004FD484 /* AppRoot.swift */ = {isa = PBXFileReference; lastKnownFileType = sourcecode.swift; path = AppRoot.swift; sourceTree = "<group>"; };
		8FA3A2372F3DB467000AD1DF /* KPFL.app */ = {isa = PBXFileReference; explicitFileType = wrapper.application; includeInIndex = 0; path = KPFL.app; sourceTree = BUILT_PRODUCTS_DIR; };
		8FA3A2442F3DB46A000AD1DF /* KPFLTests.xctest */ = {isa = PBXFileReference; explicitFileType = wrapper.cfbundle; includeInIndex = 0; path = KPFLTests.xctest; sourceTree = BUILT_PRODUCTS_DIR; };
		8FA3A24E2F3DB46A000AD1DF /* KPFLUITests.xctest */ = {isa = PBXFileReference; explicitFileType = wrapper.cfbundle; includeInIndex = 0; path = KPFLUITests.xctest; sourceTree = BUILT_PRODUCTS_DIR; };
/* End PBXFileReference section */

/* Begin PBXFileSystemSynchronizedRootGroup section */
		8F106B7D2F3EE5F0004FD484 /* Sreens */ = {
			isa = PBXFileSystemSynchronizedRootGroup;
			path = Sreens;
			sourceTree = "<group>";
		};
		8F106BEA2F484DCB004FD484 /* Views */ = {
			isa = PBXFileSystemSynchronizedRootGroup;
			path = Views;
			sourceTree = "<group>";
		};
		8F106C272F517DA3004FD484 /* Network */ = {
			isa = PBXFileSystemSynchronizedRootGroup;
			path = Network;
			sourceTree = "<group>";
		};
		8FA3A2392F3DB467000AD1DF /* KPFL */ = {
			isa = PBXFileSystemSynchronizedRootGroup;
			path = KPFL;
			sourceTree = "<group>";
		};
		8FA3A2472F3DB46A000AD1DF /* KPFLTests */ = {
			isa = PBXFileSystemSynchronizedRootGroup;
			path = KPFLTests;
			sourceTree = "<group>";
		};
		8FA3A2512F3DB46A000AD1DF /* KPFLUITests */ = {
			isa = PBXFileSystemSynchronizedRootGroup;
			path = KPFLUITests;
			sourceTree = "<group>";
		};
/* End PBXFileSystemSynchronizedRootGroup section */

/* Begin PBXFrameworksBuildPhase section */
		8FA3A2342F3DB467000AD1DF /* Frameworks */ = {
			isa = PBXFrameworksBuildPhase;
			buildActionMask = 2147483647;
			files = (
			);
			runOnlyForDeploymentPostprocessing = 0;
		};
		8FA3A2412F3DB46A000AD1DF /* Frameworks */ = {
			isa = PBXFrameworksBuildPhase;
			buildActionMask = 2147483647;
			files = (
			);
			runOnlyForDeploymentPostprocessing = 0;
		};
		8FA3A24B2F3DB46A000AD1DF /* Frameworks */ = {
			isa = PBXFrameworksBuildPhase;
			buildActionMask = 2147483647;
			files = (
			);
			runOnlyForDeploymentPostprocessing = 0;
		};
/* End PBXFrameworksBuildPhase section */

/* Begin PBXGroup section */
		8FA3A22E2F3DB467000AD1DF = {
			isa = PBXGroup;
			children = (
				8F106C272F517DA3004FD484 /* Network */,
				8F106BEA2F484DCB004FD484 /* Views */,
				8F106B7D2F3EE5F0004FD484 /* Sreens */,
				8F106B5C2F3DDD49004FD484 /* AppRoot.swift */,
				8F106B5A2F3DDD30004FD484 /* Colors.swift */,
				8F106B582F3DDD0B004FD484 /* DataStore.swift */,
				8F106B562F3DDCF9004FD484 /* MockData.swift */,
				8F106B542F3DDCE6004FD484 /* Models.swift */,
				8FA3A2392F3DB467000AD1DF /* KPFL */,
				8FA3A2472F3DB46A000AD1DF /* KPFLTests */,
				8FA3A2512F3DB46A000AD1DF /* KPFLUITests */,
				8FA3A2382F3DB467000AD1DF /* Products */,
			);
			sourceTree = "<group>";
		};
		8FA3A2382F3DB467000AD1DF /* Products */ = {
			isa = PBXGroup;
			children = (
				8FA3A2372F3DB467000AD1DF /* KPFL.app */,
				8FA3A2442F3DB46A000AD1DF /* KPFLTests.xctest */,
				8FA3A24E2F3DB46A000AD1DF /* KPFLUITests.xctest */,
			);
			name = Products;
			sourceTree = "<group>";
		};
/* End PBXGroup section */

/* Begin PBXNativeTarget section */
		8FA3A2362F3DB467000AD1DF /* KPFL */ = {
			isa = PBXNativeTarget;
			buildConfigurationList = 8FA3A2582F3DB46A000AD1DF /* Build configuration list for PBXNativeTarget "KPFL" */;
			buildPhases = (
				8FA3A2332F3DB467000AD1DF /* Sources */,
				8FA3A2342F3DB467000AD1DF /* Frameworks */,
				8FA3A2352F3DB467000AD1DF /* Resources */,
			);
			buildRules = (
			);
			dependencies = (
			);
			fileSystemSynchronizedGroups = (
				8F106B7D2F3EE5F0004FD484 /* Sreens */,
				8F106BEA2F484DCB004FD484 /* Views */,
				8F106C272F517DA3004FD484 /* Network */,
				8FA3A2392F3DB467000AD1DF /* KPFL */,
			);
			name = KPFL;
			packageProductDependencies = (
			);
			productName = KPFL;
			productReference = 8FA3A2372F3DB467000AD1DF /* KPFL.app */;
			productType = "com.apple.product-type.application";
		};
		8FA3A2432F3DB46A000AD1DF /* KPFLTests */ = {
			isa = PBXNativeTarget;
			buildConfigurationList = 8FA3A25B2F3DB46A000AD1DF /* Build configuration list for PBXNativeTarget "KPFLTests" */;
			buildPhases = (
				8FA3A2402F3DB46A000AD1DF /* Sources */,
				8FA3A2412F3DB46A000AD1DF /* Frameworks */,
				8FA3A2422F3DB46A000AD1DF /* Resources */,
			);
			buildRules = (
			);
			dependencies = (
				8FA3A2462F3DB46A000AD1DF /* PBXTargetDependency */,
			);
			fileSystemSynchronizedGroups = (
				8FA3A2472F3DB46A000AD1DF /* KPFLTests */,
			);
			name = KPFLTests;
			packageProductDependencies = (
			);
			productName = KPFLTests;
			productReference = 8FA3A2442F3DB46A000AD1DF /* KPFLTests.xctest */;
			productType = "com.apple.product-type.bundle.unit-test";
		};
		8FA3A24D2F3DB46A000AD1DF /* KPFLUITests */ = {
			isa = PBXNativeTarget;
			buildConfigurationList = 8FA3A25E2F3DB46A000AD1DF /* Build configuration list for PBXNativeTarget "KPFLUITests" */;
			buildPhases = (
				8FA3A24A2F3DB46A000AD1DF /* Sources */,
				8FA3A24B2F3DB46A000AD1DF /* Frameworks */,
				8FA3A24C2F3DB46A000AD1DF /* Resources */,
			);
			buildRules = (
			);
			dependencies = (
				8FA3A2502F3DB46A000AD1DF /* PBXTargetDependency */,
			);
			fileSystemSynchronizedGroups = (
				8FA3A2512F3DB46A000AD1DF /* KPFLUITests */,
			);
			name = KPFLUITests;
			packageProductDependencies = (
			);
			productName = KPFLUITests;
			productReference = 8FA3A24E2F3DB46A000AD1DF /* KPFLUITests.xctest */;
			productType = "com.apple.product-type.bundle.ui-testing";
		};
/* End PBXNativeTarget section */

/* Begin PBXProject section */
		8FA3A22F2F3DB467000AD1DF /* Project object */ = {
			isa = PBXProject;
			attributes = {
				BuildIndependentTargetsInParallel = 1;
				LastSwiftUpdateCheck = 1640;
				LastUpgradeCheck = 1640;
				TargetAttributes = {
					8FA3A2362F3DB467000AD1DF = {
						CreatedOnToolsVersion = 16.4;
					};
					8FA3A2432F3DB46A000AD1DF = {
						CreatedOnToolsVersion = 16.4;
						TestTargetID = 8FA3A2362F3DB467000AD1DF;
					};
					8FA3A24D2F3DB46A000AD1DF = {
						CreatedOnToolsVersion = 16.4;
						TestTargetID = 8FA3A2362F3DB467000AD1DF;
					};
				};
			};
			buildConfigurationList = 8FA3A2322F3DB467000AD1DF /* Build configuration list for PBXProject "KPFL" */;
			developmentRegion = en;
			hasScannedForEncodings = 0;
			knownRegions = (
				en,
				Base,
			);
			mainGroup = 8FA3A22E2F3DB467000AD1DF;
			minimizedProjectReferenceProxies = 1;
			preferredProjectObjectVersion = 77;
			productRefGroup = 8FA3A2382F3DB467000AD1DF /* Products */;
			projectDirPath = "";
			projectRoot = "";
			targets = (
				8FA3A2362F3DB467000AD1DF /* KPFL */,
				8FA3A2432F3DB46A000AD1DF /* KPFLTests */,
				8FA3A24D2F3DB46A000AD1DF /* KPFLUITests */,
			);
		};
/* End PBXProject section */

/* Begin PBXResourcesBuildPhase section */
		8FA3A2352F3DB467000AD1DF /* Resources */ = {
			isa = PBXResourcesBuildPhase;
			buildActionMask = 2147483647;
			files = (
			);
			runOnlyForDeploymentPostprocessing = 0;
		};
		8FA3A2422F3DB46A000AD1DF /* Resources */ = {
			isa = PBXResourcesBuildPhase;
			buildActionMask = 2147483647;
			files = (
			);
			runOnlyForDeploymentPostprocessing = 0;
		};
		8FA3A24C2F3DB46A000AD1DF /* Resources */ = {
			isa = PBXResourcesBuildPhase;
			buildActionMask = 2147483647;
			files = (
			);
			runOnlyForDeploymentPostprocessing = 0;
		};
/* End PBXResourcesBuildPhase section */

/* Begin PBXSourcesBuildPhase section */
		8FA3A2332F3DB467000AD1DF /* Sources */ = {
			isa = PBXSourcesBuildPhase;
			buildActionMask = 2147483647;
			files = (
				8F106B552F3DDCE6004FD484 /* Models.swift in Sources */,
				8F106B5B2F3DDD30004FD484 /* Colors.swift in Sources */,
				8F106B572F3DDCF9004FD484 /* MockData.swift in Sources */,
				8F106B5D2F3DDD49004FD484 /* AppRoot.swift in Sources */,
				8F106B592F3DDD0B004FD484 /* DataStore.swift in Sources */,
			);
			runOnlyForDeploymentPostprocessing = 0;
		};
		8FA3A2402F3DB46A000AD1DF /* Sources */ = {
			isa = PBXSourcesBuildPhase;
			buildActionMask = 2147483647;
			files = (
			);
			runOnlyForDeploymentPostprocessing = 0;
		};
		8FA3A24A2F3DB46A000AD1DF /* Sources */ = {
			isa = PBXSourcesBuildPhase;
			buildActionMask = 2147483647;
			files = (
			);
			runOnlyForDeploymentPostprocessing = 0;
		};
/* End PBXSourcesBuildPhase section */

/* Begin PBXTargetDependency section */
		8FA3A2462F3DB46A000AD1DF /* PBXTargetDependency */ = {
			isa = PBXTargetDependency;
			target = 8FA3A2362F3DB467000AD1DF /* KPFL */;
			targetProxy = 8FA3A2452F3DB46A000AD1DF /* PBXContainerItemProxy */;
		};
		8FA3A2502F3DB46A000AD1DF /* PBXTargetDependency */ = {
			isa = PBXTargetDependency;
			target = 8FA3A2362F3DB467000AD1DF /* KPFL */;
			targetProxy = 8FA3A24F2F3DB46A000AD1DF /* PBXContainerItemProxy */;
		};
/* End PBXTargetDependency section */

/* Begin XCBuildConfiguration section */
		8FA3A2562F3DB46A000AD1DF /* Debug */ = {
			isa = XCBuildConfiguration;
			buildSettings = {
				ALWAYS_SEARCH_USER_PATHS = NO;
				ASSETCATALOG_COMPILER_GENERATE_SWIFT_ASSET_SYMBOL_EXTENSIONS = YES;
				CLANG_ANALYZER_NONNULL = YES;
				CLANG_ANALYZER_NUMBER_OBJECT_CONVERSION = YES_AGGRESSIVE;
				CLANG_CXX_LANGUAGE_STANDARD = "gnu++20";
				CLANG_ENABLE_MODULES = YES;
				CLANG_ENABLE_OBJC_ARC = YES;
				CLANG_ENABLE_OBJC_WEAK = YES;
				CLANG_WARN_BLOCK_CAPTURE_AUTORELEASING = YES;
				CLANG_WARN_BOOL_CONVERSION = YES;
				CLANG_WARN_COMMA = YES;
				CLANG_WARN_CONSTANT_CONVERSION = YES;
				CLANG_WARN_DEPRECATED_OBJC_IMPLEMENTATIONS = YES;
				CLANG_WARN_DIRECT_OBJC_ISA_USAGE = YES_ERROR;
				CLANG_WARN_DOCUMENTATION_COMMENTS = YES;
				CLANG_WARN_EMPTY_BODY = YES;
				CLANG_WARN_ENUM_CONVERSION = YES;
				CLANG_WARN_INFINITE_RECURSION = YES;
				CLANG_WARN_INT_CONVERSION = YES;
				CLANG_WARN_NON_LITERAL_NULL_CONVERSION = YES;
				CLANG_WARN_OBJC_IMPLICIT_RETAIN_SELF = YES;
				CLANG_WARN_OBJC_LITERAL_CONVERSION = YES;
				CLANG_WARN_OBJC_ROOT_CLASS = YES_ERROR;
				CLANG_WARN_QUOTED_INCLUDE_IN_FRAMEWORK_HEADER = YES;
				CLANG_WARN_RANGE_LOOP_ANALYSIS = YES;
				CLANG_WARN_STRICT_PROTOTYPES = YES;
				CLANG_WARN_SUSPICIOUS_MOVE = YES;
				CLANG_WARN_UNGUARDED_AVAILABILITY = YES_AGGRESSIVE;
				CLANG_WARN_UNREACHABLE_CODE = YES;
				CLANG_WARN__DUPLICATE_METHOD_MATCH = YES;
				COPY_PHASE_STRIP = NO;
				DEBUG_INFORMATION_FORMAT = dwarf;
				ENABLE_STRICT_OBJC_MSGSEND = YES;
				ENABLE_TESTABILITY = YES;
				ENABLE_USER_SCRIPT_SANDBOXING = YES;
				GCC_C_LANGUAGE_STANDARD = gnu17;
				GCC_DYNAMIC_NO_PIC = NO;
				GCC_NO_COMMON_BLOCKS = YES;
				GCC_OPTIMIZATION_LEVEL = 0;
				GCC_PREPROCESSOR_DEFINITIONS = (
					"DEBUG=1",
					"$(inherited)",
				);
				GCC_WARN_64_TO_32_BIT_CONVERSION = YES;
				GCC_WARN_ABOUT_RETURN_TYPE = YES_ERROR;
				GCC_WARN_UNDECLARED_SELECTOR = YES;
				GCC_WARN_UNINITIALIZED_AUTOS = YES_AGGRESSIVE;
				GCC_WARN_UNUSED_FUNCTION = YES;
				GCC_WARN_UNUSED_VARIABLE = YES;
				IPHONEOS_DEPLOYMENT_TARGET = 18.5;
				LOCALIZATION_PREFERS_STRING_CATALOGS = YES;
				MTL_ENABLE_DEBUG_INFO = INCLUDE_SOURCE;
				MTL_FAST_MATH = YES;
				ONLY_ACTIVE_ARCH = YES;
				SDKROOT = iphoneos;
				SWIFT_ACTIVE_COMPILATION_CONDITIONS = "DEBUG $(inherited)";
				SWIFT_OPTIMIZATION_LEVEL = "-Onone";
			};
			name = Debug;
		};
		8FA3A2572F3DB46A000AD1DF /* Release */ = {
			isa = XCBuildConfiguration;
			buildSettings = {
				ALWAYS_SEARCH_USER_PATHS = NO;
				ASSETCATALOG_COMPILER_GENERATE_SWIFT_ASSET_SYMBOL_EXTENSIONS = YES;
				CLANG_ANALYZER_NONNULL = YES;
				CLANG_ANALYZER_NUMBER_OBJECT_CONVERSION = YES_AGGRESSIVE;
				CLANG_CXX_LANGUAGE_STANDARD = "gnu++20";
				CLANG_ENABLE_MODULES = YES;
				CLANG_ENABLE_OBJC_ARC = YES;
				CLANG_ENABLE_OBJC_WEAK = YES;
				CLANG_WARN_BLOCK_CAPTURE_AUTORELEASING = YES;
				CLANG_WARN_BOOL_CONVERSION = YES;
				CLANG_WARN_COMMA = YES;
				CLANG_WARN_CONSTANT_CONVERSION = YES;
				CLANG_WARN_DEPRECATED_OBJC_IMPLEMENTATIONS = YES;
				CLANG_WARN_DIRECT_OBJC_ISA_USAGE = YES_ERROR;
				CLANG_WARN_DOCUMENTATION_COMMENTS = YES;
				CLANG_WARN_EMPTY_BODY = YES;
				CLANG_WARN_ENUM_CONVERSION = YES;
				CLANG_WARN_INFINITE_RECURSION = YES;
				CLANG_WARN_INT_CONVERSION = YES;
				CLANG_WARN_NON_LITERAL_NULL_CONVERSION = YES;
				CLANG_WARN_OBJC_IMPLICIT_RETAIN_SELF = YES;
				CLANG_WARN_OBJC_LITERAL_CONVERSION = YES;
				CLANG_WARN_OBJC_ROOT_CLASS = YES_ERROR;
				CLANG_WARN_QUOTED_INCLUDE_IN_FRAMEWORK_HEADER = YES;
				CLANG_WARN_RANGE_LOOP_ANALYSIS = YES;
				CLANG_WARN_STRICT_PROTOTYPES = YES;
				CLANG_WARN_SUSPICIOUS_MOVE = YES;
				CLANG_WARN_UNGUARDED_AVAILABILITY = YES_AGGRESSIVE;
				CLANG_WARN_UNREACHABLE_CODE = YES;
				CLANG_WARN__DUPLICATE_METHOD_MATCH = YES;
				COPY_PHASE_STRIP = NO;
				DEBUG_INFORMATION_FORMAT = "dwarf-with-dsym";
				ENABLE_NS_ASSERTIONS = NO;
				ENABLE_STRICT_OBJC_MSGSEND = YES;
				ENABLE_USER_SCRIPT_SANDBOXING = YES;
				GCC_C_LANGUAGE_STANDARD = gnu17;
				GCC_NO_COMMON_BLOCKS = YES;
				GCC_WARN_64_TO_32_BIT_CONVERSION = YES;
				GCC_WARN_ABOUT_RETURN_TYPE = YES_ERROR;
				GCC_WARN_UNDECLARED_SELECTOR = YES;
				GCC_WARN_UNINITIALIZED_AUTOS = YES_AGGRESSIVE;
				GCC_WARN_UNUSED_FUNCTION = YES;
				GCC_WARN_UNUSED_VARIABLE = YES;
				IPHONEOS_DEPLOYMENT_TARGET = 18.5;
				LOCALIZATION_PREFERS_STRING_CATALOGS = YES;
				MTL_ENABLE_DEBUG_INFO = NO;
				MTL_FAST_MATH = YES;
				SDKROOT = iphoneos;
				SWIFT_COMPILATION_MODE = wholemodule;
				VALIDATE_PRODUCT = YES;
			};
			name = Release;
		};
		8FA3A2592F3DB46A000AD1DF /* Debug */ = {
			isa = XCBuildConfiguration;
			buildSettings = {
				ASSETCATALOG_COMPILER_APPICON_NAME = AppIcon;
				ASSETCATALOG_COMPILER_GLOBAL_ACCENT_COLOR_NAME = AccentColor;
				CODE_SIGN_STYLE = Automatic;
				CURRENT_PROJECT_VERSION = 1;
				DEVELOPMENT_TEAM = 9DNC7L5K9Q;
				ENABLE_PREVIEWS = YES;
				GENERATE_INFOPLIST_FILE = YES;
				INFOPLIST_KEY_UIApplicationSceneManifest_Generation = YES;
				INFOPLIST_KEY_UIApplicationSupportsIndirectInputEvents = YES;
				INFOPLIST_KEY_UILaunchScreen_Generation = YES;
				INFOPLIST_KEY_UISupportedInterfaceOrientations_iPad = "UIInterfaceOrientationPortrait UIInterfaceOrientationPortraitUpsideDown UIInterfaceOrientationLandscapeLeft UIInterfaceOrientationLandscapeRight";
				INFOPLIST_KEY_UISupportedInterfaceOrientations_iPhone = "UIInterfaceOrientationPortrait UIInterfaceOrientationLandscapeLeft UIInterfaceOrientationLandscapeRight";
				LD_RUNPATH_SEARCH_PATHS = (
					"$(inherited)",
					"@executable_path/Frameworks",
				);
				MARKETING_VERSION = 1.0;
				PRODUCT_BUNDLE_IDENTIFIER = com.ayaz.KPFL;
				PRODUCT_NAME = "$(TARGET_NAME)";
				SWIFT_EMIT_LOC_STRINGS = YES;
				SWIFT_VERSION = 5.0;
				TARGETED_DEVICE_FAMILY = "1,2";
			};
			name = Debug;
		};
		8FA3A25A2F3DB46A000AD1DF /* Release */ = {
			isa = XCBuildConfiguration;
			buildSettings = {
				ASSETCATALOG_COMPILER_APPICON_NAME = AppIcon;
				ASSETCATALOG_COMPILER_GLOBAL_ACCENT_COLOR_NAME = AccentColor;
				CODE_SIGN_STYLE = Automatic;
				CURRENT_PROJECT_VERSION = 1;
				DEVELOPMENT_TEAM = 9DNC7L5K9Q;
				ENABLE_PREVIEWS = YES;
				GENERATE_INFOPLIST_FILE = YES;
				INFOPLIST_KEY_UIApplicationSceneManifest_Generation = YES;
				INFOPLIST_KEY_UIApplicationSupportsIndirectInputEvents = YES;
				INFOPLIST_KEY_UILaunchScreen_Generation = YES;
				INFOPLIST_KEY_UISupportedInterfaceOrientations_iPad = "UIInterfaceOrientationPortrait UIInterfaceOrientationPortraitUpsideDown UIInterfaceOrientationLandscapeLeft UIInterfaceOrientationLandscapeRight";
				INFOPLIST_KEY_UISupportedInterfaceOrientations_iPhone = "UIInterfaceOrientationPortrait UIInterfaceOrientationLandscapeLeft UIInterfaceOrientationLandscapeRight";
				LD_RUNPATH_SEARCH_PATHS = (
					"$(inherited)",
					"@executable_path/Frameworks",
				);
				MARKETING_VERSION = 1.0;
				PRODUCT_BUNDLE_IDENTIFIER = com.ayaz.KPFL;
				PRODUCT_NAME = "$(TARGET_NAME)";
				SWIFT_EMIT_LOC_STRINGS = YES;
				SWIFT_VERSION = 5.0;
				TARGETED_DEVICE_FAMILY = "1,2";
			};
			name = Release;
		};
		8FA3A25C2F3DB46A000AD1DF /* Debug */ = {
			isa = XCBuildConfiguration;
			buildSettings = {
				BUNDLE_LOADER = "$(TEST_HOST)";
				CODE_SIGN_STYLE = Automatic;
				CURRENT_PROJECT_VERSION = 1;
				GENERATE_INFOPLIST_FILE = YES;
				IPHONEOS_DEPLOYMENT_TARGET = 18.5;
				MARKETING_VERSION = 1.0;
				PRODUCT_BUNDLE_IDENTIFIER = com.ayaz.KPFLTests;
				PRODUCT_NAME = "$(TARGET_NAME)";
				SWIFT_EMIT_LOC_STRINGS = NO;
				SWIFT_VERSION = 5.0;
				TARGETED_DEVICE_FAMILY = "1,2";
				TEST_HOST = "$(BUILT_PRODUCTS_DIR)/KPFL.app/$(BUNDLE_EXECUTABLE_FOLDER_PATH)/KPFL";
			};
			name = Debug;
		};
		8FA3A25D2F3DB46A000AD1DF /* Release */ = {
			isa = XCBuildConfiguration;
			buildSettings = {
				BUNDLE_LOADER = "$(TEST_HOST)";
				CODE_SIGN_STYLE = Automatic;
				CURRENT_PROJECT_VERSION = 1;
				GENERATE_INFOPLIST_FILE = YES;
				IPHONEOS_DEPLOYMENT_TARGET = 18.5;
				MARKETING_VERSION = 1.0;
				PRODUCT_BUNDLE_IDENTIFIER = com.ayaz.KPFLTests;
				PRODUCT_NAME = "$(TARGET_NAME)";
				SWIFT_EMIT_LOC_STRINGS = NO;
				SWIFT_VERSION = 5.0;
				TARGETED_DEVICE_FAMILY = "1,2";
				TEST_HOST = "$(BUILT_PRODUCTS_DIR)/KPFL.app/$(BUNDLE_EXECUTABLE_FOLDER_PATH)/KPFL";
			};
			name = Release;
		};
		8FA3A25F2F3DB46A000AD1DF /* Debug */ = {
			isa = XCBuildConfiguration;
			buildSettings = {
				CODE_SIGN_STYLE = Automatic;
				CURRENT_PROJECT_VERSION = 1;
				GENERATE_INFOPLIST_FILE = YES;
				MARKETING_VERSION = 1.0;
				PRODUCT_BUNDLE_IDENTIFIER = com.ayaz.KPFLUITests;
				PRODUCT_NAME = "$(TARGET_NAME)";
				SWIFT_EMIT_LOC_STRINGS = NO;
				SWIFT_VERSION = 5.0;
				TARGETED_DEVICE_FAMILY = "1,2";
				TEST_TARGET_NAME = KPFL;
			};
			name = Debug;
		};
		8FA3A2602F3DB46A000AD1DF /* Release */ = {
			isa = XCBuildConfiguration;
			buildSettings = {
				CODE_SIGN_STYLE = Automatic;
				CURRENT_PROJECT_VERSION = 1;
				GENERATE_INFOPLIST_FILE = YES;
				MARKETING_VERSION = 1.0;
				PRODUCT_BUNDLE_IDENTIFIER = com.ayaz.KPFLUITests;
				PRODUCT_NAME = "$(TARGET_NAME)";
				SWIFT_EMIT_LOC_STRINGS = NO;
				SWIFT_VERSION = 5.0;
				TARGETED_DEVICE_FAMILY = "1,2";
				TEST_TARGET_NAME = KPFL;
			};
			name = Release;
		};
/* End XCBuildConfiguration section */

/* Begin XCConfigurationList section */
		8FA3A2322F3DB467000AD1DF /* Build configuration list for PBXProject "KPFL" */ = {
			isa = XCConfigurationList;
			buildConfigurations = (
				8FA3A2562F3DB46A000AD1DF /* Debug */,
				8FA3A2572F3DB46A000AD1DF /* Release */,
			);
			defaultConfigurationIsVisible = 0;
			defaultConfigurationName = Release;
		};
		8FA3A2582F3DB46A000AD1DF /* Build configuration list for PBXNativeTarget "KPFL" */ = {
			isa = XCConfigurationList;
			buildConfigurations = (
				8FA3A2592F3DB46A000AD1DF /* Debug */,
				8FA3A25A2F3DB46A000AD1DF /* Release */,
			);
			defaultConfigurationIsVisible = 0;
			defaultConfigurationName = Release;
		};
		8FA3A25B2F3DB46A000AD1DF /* Build configuration list for PBXNativeTarget "KPFLTests" */ = {
			isa = XCConfigurationList;
			buildConfigurations = (
				8FA3A25C2F3DB46A000AD1DF /* Debug */,
				8FA3A25D2F3DB46A000AD1DF /* Release */,
			);
			defaultConfigurationIsVisible = 0;
			defaultConfigurationName = Release;
		};
		8FA3A25E2F3DB46A000AD1DF /* Build configuration list for PBXNativeTarget "KPFLUITests" */ = {
			isa = XCConfigurationList;
			buildConfigurations = (
				8FA3A25F2F3DB46A000AD1DF /* Debug */,
				8FA3A2602F3DB46A000AD1DF /* Release */,
			);
			defaultConfigurationIsVisible = 0;
			defaultConfigurationName = Release;
		};
/* End XCConfigurationList section */
	};
	rootObject = 8FA3A22F2F3DB467000AD1DF /* Project object */;
}
